# @generated by Move, please check-in and do not edit manually.

[move]
version = 3
manifest_digest = "0A6F2BFD4A59467318D7472188E375E9B1910BD6054D36DEF2FCFD1F8CF33246"
deps_digest = "F8BBB0CCB2491CA29A3DF03D6F92277A4F3574266507ACD77214D37ECA3F3082"

dependencies = [
  { id = "Sui", name = "Sui" },
]

[[move.package]]
id = "MoveStdlib"
source = { git = "https://github.com/MystenLabs/sui.git", rev = "devnet", subdir = "crates/sui-framework/packages/move-stdlib" }

[[move.package]]
id = "Sui"
source = { git = "https://github.com/MystenLabs/sui.git", rev = "devnet", subdir = "crates/sui-framework/packages/sui-framework" }

dependencies = [
  { id = "MoveStdlib", name = "MoveStdlib" },
]

[move.toolchain-version]
compiler-version = "1.36.1"
edition = "legacy"
flavor = "sui"

[env]

[env.devnet]
chain-id = "8261fb77"
original-published-id = "0x4dbee260aa33fd7f87c723dcf2a08e5a29091702f2afd27c2c19d20d56d63bc5"
latest-published-id = "0x4dbee260aa33fd7f87c723dcf2a08e5a29091702f2afd27c2c19d20d56d63bc5"
published-version = "1"
